
Microsoft Visual Studio Solution File, Format Version 12.00
# Visual Studio 2013
VisualStudioVersion = 12.0.31101.0
MinimumVisualStudioVersion = 10.0.40219.1
Project("{FAE04EC0-301F-11D3-BF4B-00C04F79EFBC}") = "FirstAppForOutlook", "FirstAppForOutlook\FirstAppForOutlook.csproj", "{74D5D929-95D2-4E56-86D3-971D092ED5F3}"
EndProject
Project("{FAE04EC0-301F-11D3-BF4B-00C04F79EFBC}") = "FirstAppForOutlookWeb", "FirstAppForOutlookWeb\FirstAppForOutlookWeb.csproj", "{1A6EBE4D-3E71-42B2-8CE1-CDD41D50476F}"
EndProject
Project("{FAE04EC0-301F-11D3-BF4B-00C04F79EFBC}") = "WordApp", "WordApp\WordApp.csproj", "{AA10A0C2-BEC1-40DF-B29C-0EA6010F59E0}"
EndProject
Project("{FAE04EC0-301F-11D3-BF4B-00C04F79EFBC}") = "WordAppWeb", "WordAppWeb\WordAppWeb.csproj", "{A19F6FF2-8970-4224-AA95-5C537894E793}"
EndProject
Global
	GlobalSection(SolutionConfigurationPlatforms) = preSolution
		Debug|Any CPU = Debug|Any CPU
		Release|Any CPU = Release|Any CPU
	EndGlobalSection
	GlobalSection(ProjectConfigurationPlatforms) = postSolution
		{74D5D929-95D2-4E56-86D3-971D092ED5F3}.Debug|Any CPU.ActiveCfg = Debug|Any CPU
		{74D5D929-95D2-4E56-86D3-971D092ED5F3}.Debug|Any CPU.Build.0 = Debug|Any CPU
		{74D5D929-95D2-4E56-86D3-971D092ED5F3}.Debug|Any CPU.Deploy.0 = Debug|Any CPU
		{74D5D929-95D2-4E56-86D3-971D092ED5F3}.Release|Any CPU.ActiveCfg = Release|Any CPU
		{74D5D929-95D2-4E56-86D3-971D092ED5F3}.Release|Any CPU.Build.0 = Release|Any CPU
		{74D5D929-95D2-4E56-86D3-971D092ED5F3}.Release|Any CPU.Deploy.0 = Release|Any CPU
		{1A6EBE4D-3E71-42B2-8CE1-CDD41D50476F}.Debug|Any CPU.ActiveCfg = Debug|Any CPU
		{1A6EBE4D-3E71-42B2-8CE1-CDD41D50476F}.Debug|Any CPU.Build.0 = Debug|Any CPU
		{1A6EBE4D-3E71-42B2-8CE1-CDD41D50476F}.Release|Any CPU.ActiveCfg = Release|Any CPU
		{1A6EBE4D-3E71-42B2-8CE1-CDD41D50476F}.Release|Any CPU.Build.0 = Release|Any CPU
		{AA10A0C2-BEC1-40DF-B29C-0EA6010F59E0}.Debug|Any CPU.ActiveCfg = Debug|Any CPU
		{AA10A0C2-BEC1-40DF-B29C-0EA6010F59E0}.Debug|Any CPU.Build.0 = Debug|Any CPU
		{AA10A0C2-BEC1-40DF-B29C-0EA6010F59E0}.Debug|Any CPU.Deploy.0 = Debug|Any CPU
		{AA10A0C2-BEC1-40DF-B29C-0EA6010F59E0}.Release|Any CPU.ActiveCfg = Release|Any CPU
		{AA10A0C2-BEC1-40DF-B29C-0EA6010F59E0}.Release|Any CPU.Build.0 = Release|Any CPU
		{AA10A0C2-BEC1-40DF-B29C-0EA6010F59E0}.Release|Any CPU.Deploy.0 = Release|Any CPU
		{A19F6FF2-8970-4224-AA95-5C537894E793}.Debug|Any CPU.ActiveCfg = Debug|Any CPU
		{A19F6FF2-8970-4224-AA95-5C537894E793}.Debug|Any CPU.Build.0 = Debug|Any CPU
		{A19F6FF2-8970-4224-AA95-5C537894E793}.Release|Any CPU.ActiveCfg = Release|Any CPU
		{A19F6FF2-8970-4224-AA95-5C537894E793}.Release|Any CPU.Build.0 = Release|Any CPU
	EndGlobalSection
	GlobalSection(SolutionProperties) = preSolution
		HideSolutionNode = FALSE
	EndGlobalSection
EndGlobal
